
Microsoft Visual Studio Solution File, Format Version 12.00
# Visual Studio Version 16
VisualStudioVersion = 16.0.30615.102
MinimumVisualStudioVersion = 10.0.40219.1
Project("{9A19103F-16F7-4668-BE54-9A1E7A4F7556}") = "SW.RedisCounter", "SW.RedisCounter\SW.RedisCounter.csproj", "{F43A32F4-4556-4BE7-852B-19F26F0A43B3}"
EndProject
Project("{9A19103F-16F7-4668-BE54-9A1E7A4F7556}") = "SW.RedisCounter.SampleWeb", "SW.RedisCounter.SampleWeb\SW.RedisCounter.SampleWeb.csproj", "{E8C77DCC-9839-4AE7-A618-96D078F3946C}"
EndProject
Global
	GlobalSection(SolutionConfigurationPlatforms) = preSolution
		Debug|Any CPU = Debug|Any CPU
		Release|Any CPU = Release|Any CPU
	EndGlobalSection
	GlobalSection(ProjectConfigurationPlatforms) = postSolution
		{F43A32F4-4556-4BE7-852B-19F26F0A43B3}.Debug|Any CPU.ActiveCfg = Debug|Any CPU
		{F43A32F4-4556-4BE7-852B-19F26F0A43B3}.Debug|Any CPU.Build.0 = Debug|Any CPU
		{F43A32F4-4556-4BE7-852B-19F26F0A43B3}.Release|Any CPU.ActiveCfg = Release|Any CPU
		{F43A32F4-4556-4BE7-852B-19F26F0A43B3}.Release|Any CPU.Build.0 = Release|Any CPU
		{E8C77DCC-9839-4AE7-A618-96D078F3946C}.Debug|Any CPU.ActiveCfg = Debug|Any CPU
		{E8C77DCC-9839-4AE7-A618-96D078F3946C}.Debug|Any CPU.Build.0 = Debug|Any CPU
		{E8C77DCC-9839-4AE7-A618-96D078F3946C}.Release|Any CPU.ActiveCfg = Release|Any CPU
		{E8C77DCC-9839-4AE7-A618-96D078F3946C}.Release|Any CPU.Build.0 = Release|Any CPU
	EndGlobalSection
	GlobalSection(SolutionProperties) = preSolution
		HideSolutionNode = FALSE
	EndGlobalSection
	GlobalSection(ExtensibilityGlobals) = postSolution
		SolutionGuid = {BAE3EABC-8252-41E2-86AB-2900132BA35D}
	EndGlobalSection
EndGlobal
